{
  "name": "subnetting-calculator",
  "version": "1.0.0",
  "lockfileVersion": 3,
  "requires": true,
  "packages": {
    "": {
      "name": "subnetting-calculator",
      "version": "1.0.0",
      "license": "ISC",
      "dependencies": {
        "decimal-to-binary": "^1.0.3",
        "subnetting-calculator": "file:"
      }
    },
    "node_modules/decimal-to-binary": {
      "version": "1.0.3",
      "resolved": "https://registry.npmjs.org/decimal-to-binary/-/decimal-to-binary-1.0.3.tgz",
      "integrity": "sha512-7GsdBUQHyuPUsNRcWylp9xzRq+WFobQmjI/ZddFeGrGN6G6TRv4r3fQgicoGLFEqIRtri/ProfGpjWI5tuHMzg=="
    },
    "node_modules/subnetting-calculator": {
      "resolved": "",
      "link": true
    }
  }
}
